// !$*UTF8*$!
{
	archiveVersion = 1;
	classes = {
	};
	objectVersion = 50;
	objects = {

/* Begin PBXBuildFile section */
		38F9E5E326315CFE008E56E8 /* AppDelegate.swift in Sources */ = {isa = PBXBuildFile; fileRef = 38F9E5E226315CFE008E56E8 /* AppDelegate.swift */; };
		38F9E5E526315CFE008E56E8 /* SceneDelegate.swift in Sources */ = {isa = PBXBuildFile; fileRef = 38F9E5E426315CFE008E56E8 /* SceneDelegate.swift */; };
		38F9E5E726315CFE008E56E8 /* ViewController.swift in Sources */ = {isa = PBXBuildFile; fileRef = 38F9E5E626315CFE008E56E8 /* ViewController.swift */; };
		38F9E5EA26315CFE008E56E8 /* Main.storyboard in Resources */ = {isa = PBXBuildFile; fileRef = 38F9E5E826315CFE008E56E8 /* Main.storyboard */; };
		38F9E5EC26315CFF008E56E8 /* Assets.xcassets in Resources */ = {isa = PBXBuildFile; fileRef = 38F9E5EB26315CFF008E56E8 /* Assets.xcassets */; };
		38F9E5EF26315CFF008E56E8 /* LaunchScreen.storyboard in Resources */ = {isa = PBXBuildFile; fileRef = 38F9E5ED26315CFF008E56E8 /* LaunchScreen.storyboard */; };
		38F9E5FA26315CFF008E56E8 /* CIDemoTests.swift in Sources */ = {isa = PBXBuildFile; fileRef = 38F9E5F926315CFF008E56E8 /* CIDemoTests.swift */; };
		38F9E60526315CFF008E56E8 /* CIDemoUITests.swift in Sources */ = {isa = PBXBuildFile; fileRef = 38F9E60426315CFF008E56E8 /* CIDemoUITests.swift */; };
/* End PBXBuildFile section */

/* Begin PBXContainerItemProxy section */
		38F9E5F626315CFF008E56E8 /* PBXContainerItemProxy */ = {
			isa = PBXContainerItemProxy;
			containerPortal = 38F9E5D726315CFE008E56E8 /* Project object */;
			proxyType = 1;
			remoteGlobalIDString = 38F9E5DE26315CFE008E56E8;
			remoteInfo = CIDemo;
		};
		38F9E60126315CFF008E56E8 /* PBXContainerItemProxy */ = {
			isa = PBXContainerItemProxy;
			containerPortal = 38F9E5D726315CFE008E56E8 /* Project object */;
			proxyType = 1;
			remoteGlobalIDString = 38F9E5DE26315CFE008E56E8;
			remoteInfo = CIDemo;
		};
/* End PBXContainerItemProxy section */

/* Begin PBXFileReference section */
		38F9E5DF26315CFE008E56E8 /* CIDemo.app */ = {isa = PBXFileReference; explicitFileType = wrapper.application; includeInIndex = 0; path = CIDemo.app; sourceTree = BUILT_PRODUCTS_DIR; };
		38F9E5E226315CFE008E56E8 /* AppDelegate.swift */ = {isa = PBXFileReference; lastKnownFileType = sourcecode.swift; path = AppDelegate.swift; sourceTree = "<group>"; };
		38F9E5E426315CFE008E56E8 /* SceneDelegate.swift */ = {isa = PBXFileReference; lastKnownFileType = sourcecode.swift; path = SceneDelegate.swift; sourceTree = "<group>"; };
		38F9E5E626315CFE008E56E8 /* ViewController.swift */ = {isa = PBXFileReference; lastKnownFileType = sourcecode.swift; path = ViewController.swift; sourceTree = "<group>"; };
		38F9E5E926315CFE008E56E8 /* Base */ = {isa = PBXFileReference; lastKnownFileType = file.storyboard; name = Base; path = Base.lproj/Main.storyboard; sourceTree = "<group>"; };
		38F9E5EB26315CFF008E56E8 /* Assets.xcassets */ = {isa = PBXFileReference; lastKnownFileType = folder.assetcatalog; path = Assets.xcassets; sourceTree = "<group>"; };
		38F9E5EE26315CFF008E56E8 /* Base */ = {isa = PBXFileReference; lastKnownFileType = file.storyboard; name = Base; path = Base.lproj/LaunchScreen.storyboard; sourceTree = "<group>"; };
		38F9E5F026315CFF008E56E8 /* Info.plist */ = {isa = PBXFileReference; lastKnownFileType = text.plist.xml; path = Info.plist; sourceTree = "<group>"; };
		38F9E5F526315CFF008E56E8 /* CIDemoTests.xctest */ = {isa = PBXFileReference; explicitFileType = wrapper.cfbundle; includeInIndex = 0; path = CIDemoTests.xctest; sourceTree = BUILT_PRODUCTS_DIR; };
		38F9E5F926315CFF008E56E8 /* CIDemoTests.swift */ = {isa = PBXFileReference; lastKnownFileType = sourcecode.swift; path = CIDemoTests.swift; sourceTree = "<group>"; };
		38F9E5FB26315CFF008E56E8 /* Info.plist */ = {isa = PBXFileReference; lastKnownFileType = text.plist.xml; path = Info.plist; sourceTree = "<group>"; };
		38F9E60026315CFF008E56E8 /* CIDemoUITests.xctest */ = {isa = PBXFileReference; explicitFileType = wrapper.cfbundle; includeInIndex = 0; path = CIDemoUITests.xctest; sourceTree = BUILT_PRODUCTS_DIR; };
		38F9E60426315CFF008E56E8 /* CIDemoUITests.swift */ = {isa = PBXFileReference; lastKnownFileType = sourcecode.swift; path = CIDemoUITests.swift; sourceTree = "<group>"; };
		38F9E60626315CFF008E56E8 /* Info.plist */ = {isa = PBXFileReference; lastKnownFileType = text.plist.xml; path = Info.plist; sourceTree = "<group>"; };
/* End PBXFileReference section */

/* Begin PBXFrameworksBuildPhase section */
		38F9E5DC26315CFE008E56E8 /* Frameworks */ = {
			isa = PBXFrameworksBuildPhase;
			buildActionMask = 2147483647;
			files = (
			);
			runOnlyForDeploymentPostprocessing = 0;
		};
		38F9E5F226315CFF008E56E8 /* Frameworks */ = {
			isa = PBXFrameworksBuildPhase;
			buildActionMask = 2147483647;
			files = (
			);
			runOnlyForDeploymentPostprocessing = 0;
		};
		38F9E5FD26315CFF008E56E8 /* Frameworks */ = {
			isa = PBXFrameworksBuildPhase;
			buildActionMask = 2147483647;
			files = (
			);
			runOnlyForDeploymentPostprocessing = 0;
		};
/* End PBXFrameworksBuildPhase section */

/* Begin PBXGroup section */
		38F9E5D626315CFE008E56E8 = {
			isa = PBXGroup;
			children = (
				38F9E5E126315CFE008E56E8 /* CIDemo */,
				38F9E5F826315CFF008E56E8 /* CIDemoTests */,
				38F9E60326315CFF008E56E8 /* CIDemoUITests */,
				38F9E5E026315CFE008E56E8 /* Products */,
			);
			sourceTree = "<group>";
		};
		38F9E5E026315CFE008E56E8 /* Products */ = {
			isa = PBXGroup;
			children = (
				38F9E5DF26315CFE008E56E8 /* CIDemo.app */,
				38F9E5F526315CFF008E56E8 /* CIDemoTests.xctest */,
				38F9E60026315CFF008E56E8 /* CIDemoUITests.xctest */,
			);
			name = Products;
			sourceTree = "<group>";
		};
		38F9E5E126315CFE008E56E8 /* CIDemo */ = {
			isa = PBXGroup;
			children = (
				38F9E5E226315CFE008E56E8 /* AppDelegate.swift */,
				38F9E5E426315CFE008E56E8 /* SceneDelegate.swift */,
				38F9E5E626315CFE008E56E8 /* ViewController.swift */,
				38F9E5E826315CFE008E56E8 /* Main.storyboard */,
				38F9E5EB26315CFF008E56E8 /* Assets.xcassets */,
				38F9E5ED26315CFF008E56E8 /* LaunchScreen.storyboard */,
				38F9E5F026315CFF008E56E8 /* Info.plist */,
			);
			path = CIDemo;
			sourceTree = "<group>";
		};
		38F9E5F826315CFF008E56E8 /* CIDemoTests */ = {
			isa = PBXGroup;
			children = (
				38F9E5F926315CFF008E56E8 /* CIDemoTests.swift */,
				38F9E5FB26315CFF008E56E8 /* Info.plist */,
			);
			path = CIDemoTests;
			sourceTree = "<group>";
		};
		38F9E60326315CFF008E56E8 /* CIDemoUITests */ = {
			isa = PBXGroup;
			children = (
				38F9E60426315CFF008E56E8 /* CIDemoUITests.swift */,
				38F9E60626315CFF008E56E8 /* Info.plist */,
			);
			path = CIDemoUITests;
			sourceTree = "<group>";
		};
/* End PBXGroup section */

/* Begin PBXNativeTarget section */
		38F9E5DE26315CFE008E56E8 /* CIDemo */ = {
			isa = PBXNativeTarget;
			buildConfigurationList = 38F9E60926315CFF008E56E8 /* Build configuration list for PBXNativeTarget "CIDemo" */;
			buildPhases = (
				38F9E5DB26315CFE008E56E8 /* Sources */,
				38F9E5DC26315CFE008E56E8 /* Frameworks */,
				38F9E5DD26315CFE008E56E8 /* Resources */,
			);
			buildRules = (
			);
			dependencies = (
			);
			name = CIDemo;
			productName = CIDemo;
			productReference = 38F9E5DF26315CFE008E56E8 /* CIDemo.app */;
			productType = "com.apple.product-type.application";
		};
		38F9E5F426315CFF008E56E8 /* CIDemoTests */ = {
			isa = PBXNativeTarget;
			buildConfigurationList = 38F9E60C26315CFF008E56E8 /* Build configuration list for PBXNativeTarget "CIDemoTests" */;
			buildPhases = (
				38F9E5F126315CFF008E56E8 /* Sources */,
				38F9E5F226315CFF008E56E8 /* Frameworks */,
				38F9E5F326315CFF008E56E8 /* Resources */,
			);
			buildRules = (
			);
			dependencies = (
				38F9E5F726315CFF008E56E8 /* PBXTargetDependency */,
			);
			name = CIDemoTests;
			productName = CIDemoTests;
			productReference = 38F9E5F526315CFF008E56E8 /* CIDemoTests.xctest */;
			productType = "com.apple.product-type.bundle.unit-test";
		};
		38F9E5FF26315CFF008E56E8 /* CIDemoUITests */ = {
			isa = PBXNativeTarget;
			buildConfigurationList = 38F9E60F26315CFF008E56E8 /* Build configuration list for PBXNativeTarget "CIDemoUITests" */;
			buildPhases = (
				38F9E5FC26315CFF008E56E8 /* Sources */,
				38F9E5FD26315CFF008E56E8 /* Frameworks */,
				38F9E5FE26315CFF008E56E8 /* Resources */,
			);
			buildRules = (
			);
			dependencies = (
				38F9E60226315CFF008E56E8 /* PBXTargetDependency */,
			);
			name = CIDemoUITests;
			productName = CIDemoUITests;
			productReference = 38F9E60026315CFF008E56E8 /* CIDemoUITests.xctest */;
			productType = "com.apple.product-type.bundle.ui-testing";
		};
/* End PBXNativeTarget section */

/* Begin PBXProject section */
		38F9E5D726315CFE008E56E8 /* Project object */ = {
			isa = PBXProject;
			attributes = {
				LastSwiftUpdateCheck = 1240;
				LastUpgradeCheck = 1240;
				TargetAttributes = {
					38F9E5DE26315CFE008E56E8 = {
						CreatedOnToolsVersion = 12.4;
					};
					38F9E5F426315CFF008E56E8 = {
						CreatedOnToolsVersion = 12.4;
						TestTargetID = 38F9E5DE26315CFE008E56E8;
					};
					38F9E5FF26315CFF008E56E8 = {
						CreatedOnToolsVersion = 12.4;
						TestTargetID = 38F9E5DE26315CFE008E56E8;
					};
				};
			};
			buildConfigurationList = 38F9E5DA26315CFE008E56E8 /* Build configuration list for PBXProject "CIDemo" */;
			compatibilityVersion = "Xcode 9.3";
			developmentRegion = en;
			hasScannedForEncodings = 0;
			knownRegions = (
				en,
				Base,
			);
			mainGroup = 38F9E5D626315CFE008E56E8;
			productRefGroup = 38F9E5E026315CFE008E56E8 /* Products */;
			projectDirPath = "";
			projectRoot = "";
			targets = (
				38F9E5DE26315CFE008E56E8 /* CIDemo */,
				38F9E5F426315CFF008E56E8 /* CIDemoTests */,
				38F9E5FF26315CFF008E56E8 /* CIDemoUITests */,
			);
		};
/* End PBXProject section */

/* Begin PBXResourcesBuildPhase section */
		38F9E5DD26315CFE008E56E8 /* Resources */ = {
			isa = PBXResourcesBuildPhase;
			buildActionMask = 2147483647;
			files = (
				38F9E5EF26315CFF008E56E8 /* LaunchScreen.storyboard in Resources */,
				38F9E5EC26315CFF008E56E8 /* Assets.xcassets in Resources */,
				38F9E5EA26315CFE008E56E8 /* Main.storyboard in Resources */,
			);
			runOnlyForDeploymentPostprocessing = 0;
		};
		38F9E5F326315CFF008E56E8 /* Resources */ = {
			isa = PBXResourcesBuildPhase;
			buildActionMask = 2147483647;
			files = (
			);
			runOnlyForDeploymentPostprocessing = 0;
		};
		38F9E5FE26315CFF008E56E8 /* Resources */ = {
			isa = PBXResourcesBuildPhase;
			buildActionMask = 2147483647;
			files = (
			);
			runOnlyForDeploymentPostprocessing = 0;
		};
/* End PBXResourcesBuildPhase section */

/* Begin PBXSourcesBuildPhase section */
		38F9E5DB26315CFE008E56E8 /* Sources */ = {
			isa = PBXSourcesBuildPhase;
			buildActionMask = 2147483647;
			files = (
				38F9E5E726315CFE008E56E8 /* ViewController.swift in Sources */,
				38F9E5E326315CFE008E56E8 /* AppDelegate.swift in Sources */,
				38F9E5E526315CFE008E56E8 /* SceneDelegate.swift in Sources */,
			);
			runOnlyForDeploymentPostprocessing = 0;
		};
		38F9E5F126315CFF008E56E8 /* Sources */ = {
			isa = PBXSourcesBuildPhase;
			buildActionMask = 2147483647;
			files = (
				38F9E5FA26315CFF008E56E8 /* CIDemoTests.swift in Sources */,
			);
			runOnlyForDeploymentPostprocessing = 0;
		};
		38F9E5FC26315CFF008E56E8 /* Sources */ = {
			isa = PBXSourcesBuildPhase;
			buildActionMask = 2147483647;
			files = (
				38F9E60526315CFF008E56E8 /* CIDemoUITests.swift in Sources */,
			);
			runOnlyForDeploymentPostprocessing = 0;
		};
/* End PBXSourcesBuildPhase section */

/* Begin PBXTargetDependency section */
		38F9E5F726315CFF008E56E8 /* PBXTargetDependency */ = {
			isa = PBXTargetDependency;
			target = 38F9E5DE26315CFE008E56E8 /* CIDemo */;
			targetProxy = 38F9E5F626315CFF008E56E8 /* PBXContainerItemProxy */;
		};
		38F9E60226315CFF008E56E8 /* PBXTargetDependency */ = {
			isa = PBXTargetDependency;
			target = 38F9E5DE26315CFE008E56E8 /* CIDemo */;
			targetProxy = 38F9E60126315CFF008E56E8 /* PBXContainerItemProxy */;
		};
/* End PBXTargetDependency section */

/* Begin PBXVariantGroup section */
		38F9E5E826315CFE008E56E8 /* Main.storyboard */ = {
			isa = PBXVariantGroup;
			children = (
				38F9E5E926315CFE008E56E8 /* Base */,
			);
			name = Main.storyboard;
			sourceTree = "<group>";
		};
		38F9E5ED26315CFF008E56E8 /* LaunchScreen.storyboard */ = {
			isa = PBXVariantGroup;
			children = (
				38F9E5EE26315CFF008E56E8 /* Base */,
			);
			name = LaunchScreen.storyboard;
			sourceTree = "<group>";
		};
/* End PBXVariantGroup section */

/* Begin XCBuildConfiguration section */
		38F9E60726315CFF008E56E8 /* Debug */ = {
			isa = XCBuildConfiguration;
			buildSettings = {
				ALWAYS_SEARCH_USER_PATHS = NO;
				CLANG_ANALYZER_NONNULL = YES;
				CLANG_ANALYZER_NUMBER_OBJECT_CONVERSION = YES_AGGRESSIVE;
				CLANG_CXX_LANGUAGE_STANDARD = "gnu++14";
				CLANG_CXX_LIBRARY = "libc++";
				CLANG_ENABLE_MODULES = YES;
				CLANG_ENABLE_OBJC_ARC = YES;
				CLANG_ENABLE_OBJC_WEAK = YES;
				CLANG_WARN_BLOCK_CAPTURE_AUTORELEASING = YES;
				CLANG_WARN_BOOL_CONVERSION = YES;
				CLANG_WARN_COMMA = YES;
				CLANG_WARN_CONSTANT_CONVERSION = YES;
				CLANG_WARN_DEPRECATED_OBJC_IMPLEMENTATIONS = YES;
				CLANG_WARN_DIRECT_OBJC_ISA_USAGE = YES_ERROR;
				CLANG_WARN_DOCUMENTATION_COMMENTS = YES;
				CLANG_WARN_EMPTY_BODY = YES;
				CLANG_WARN_ENUM_CONVERSION = YES;
				CLANG_WARN_INFINITE_RECURSION = YES;
				CLANG_WARN_INT_CONVERSION = YES;
				CLANG_WARN_NON_LITERAL_NULL_CONVERSION = YES;
				CLANG_WARN_OBJC_IMPLICIT_RETAIN_SELF = YES;
				CLANG_WARN_OBJC_LITERAL_CONVERSION = YES;
				CLANG_WARN_OBJC_ROOT_CLASS = YES_ERROR;
				CLANG_WARN_QUOTED_INCLUDE_IN_FRAMEWORK_HEADER = YES;
				CLANG_WARN_RANGE_LOOP_ANALYSIS = YES;
				CLANG_WARN_STRICT_PROTOTYPES = YES;
				CLANG_WARN_SUSPICIOUS_MOVE = YES;
				CLANG_WARN_UNGUARDED_AVAILABILITY = YES_AGGRESSIVE;
				CLANG_WARN_UNREACHABLE_CODE = YES;
				CLANG_WARN__DUPLICATE_METHOD_MATCH = YES;
				COPY_PHASE_STRIP = NO;
				DEBUG_INFORMATION_FORMAT = dwarf;
				ENABLE_STRICT_OBJC_MSGSEND = YES;
				ENABLE_TESTABILITY = YES;
				GCC_C_LANGUAGE_STANDARD = gnu11;
				GCC_DYNAMIC_NO_PIC = NO;
				GCC_NO_COMMON_BLOCKS = YES;
				GCC_OPTIMIZATION_LEVEL = 0;
				GCC_PREPROCESSOR_DEFINITIONS = (
					"DEBUG=1",
					"$(inherited)",
				);
				GCC_WARN_64_TO_32_BIT_CONVERSION = YES;
				GCC_WARN_ABOUT_RETURN_TYPE = YES_ERROR;
				GCC_WARN_UNDECLARED_SELECTOR = YES;
				GCC_WARN_UNINITIALIZED_AUTOS = YES_AGGRESSIVE;
				GCC_WARN_UNUSED_FUNCTION = YES;
				GCC_WARN_UNUSED_VARIABLE = YES;
				IPHONEOS_DEPLOYMENT_TARGET = 14.4;
				MTL_ENABLE_DEBUG_INFO = INCLUDE_SOURCE;
				MTL_FAST_MATH = YES;
				ONLY_ACTIVE_ARCH = YES;
				SDKROOT = iphoneos;
				SWIFT_ACTIVE_COMPILATION_CONDITIONS = DEBUG;
				SWIFT_OPTIMIZATION_LEVEL = "-Onone";
			};
			name = Debug;
		};
		38F9E60826315CFF008E56E8 /* Release */ = {
			isa = XCBuildConfiguration;
			buildSettings = {
				ALWAYS_SEARCH_USER_PATHS = NO;
				CLANG_ANALYZER_NONNULL = YES;
				CLANG_ANALYZER_NUMBER_OBJECT_CONVERSION = YES_AGGRESSIVE;
				CLANG_CXX_LANGUAGE_STANDARD = "gnu++14";
				CLANG_CXX_LIBRARY = "libc++";
				CLANG_ENABLE_MODULES = YES;
				CLANG_ENABLE_OBJC_ARC = YES;
				CLANG_ENABLE_OBJC_WEAK = YES;
				CLANG_WARN_BLOCK_CAPTURE_AUTORELEASING = YES;
				CLANG_WARN_BOOL_CONVERSION = YES;
				CLANG_WARN_COMMA = YES;
				CLANG_WARN_CONSTANT_CONVERSION = YES;
				CLANG_WARN_DEPRECATED_OBJC_IMPLEMENTATIONS = YES;
				CLANG_WARN_DIRECT_OBJC_ISA_USAGE = YES_ERROR;
				CLANG_WARN_DOCUMENTATION_COMMENTS = YES;
				CLANG_WARN_EMPTY_BODY = YES;
				CLANG_WARN_ENUM_CONVERSION = YES;
				CLANG_WARN_INFINITE_RECURSION = YES;
				CLANG_WARN_INT_CONVERSION = YES;
				CLANG_WARN_NON_LITERAL_NULL_CONVERSION = YES;
				CLANG_WARN_OBJC_IMPLICIT_RETAIN_SELF = YES;
				CLANG_WARN_OBJC_LITERAL_CONVERSION = YES;
				CLANG_WARN_OBJC_ROOT_CLASS = YES_ERROR;
				CLANG_WARN_QUOTED_INCLUDE_IN_FRAMEWORK_HEADER = YES;
				CLANG_WARN_RANGE_LOOP_ANALYSIS = YES;
				CLANG_WARN_STRICT_PROTOTYPES = YES;
				CLANG_WARN_SUSPICIOUS_MOVE = YES;
				CLANG_WARN_UNGUARDED_AVAILABILITY = YES_AGGRESSIVE;
				CLANG_WARN_UNREACHABLE_CODE = YES;
				CLANG_WARN__DUPLICATE_METHOD_MATCH = YES;
				COPY_PHASE_STRIP = NO;
				DEBUG_INFORMATION_FORMAT = "dwarf-with-dsym";
				ENABLE_NS_ASSERTIONS = NO;
				ENABLE_STRICT_OBJC_MSGSEND = YES;
				GCC_C_LANGUAGE_STANDARD = gnu11;
				GCC_NO_COMMON_BLOCKS = YES;
				GCC_WARN_64_TO_32_BIT_CONVERSION = YES;
				GCC_WARN_ABOUT_RETURN_TYPE = YES_ERROR;
				GCC_WARN_UNDECLARED_SELECTOR = YES;
				GCC_WARN_UNINITIALIZED_AUTOS = YES_AGGRESSIVE;
				GCC_WARN_UNUSED_FUNCTION = YES;
				GCC_WARN_UNUSED_VARIABLE = YES;
				IPHONEOS_DEPLOYMENT_TARGET = 14.4;
				MTL_ENABLE_DEBUG_INFO = NO;
				MTL_FAST_MATH = YES;
				SDKROOT = iphoneos;
				SWIFT_COMPILATION_MODE = wholemodule;
				SWIFT_OPTIMIZATION_LEVEL = "-O";
				VALIDATE_PRODUCT = YES;
			};
			name = Release;
		};
		38F9E60A26315CFF008E56E8 /* Debug */ = {
			isa = XCBuildConfiguration;
			buildSettings = {
				ASSETCATALOG_COMPILER_APPICON_NAME = AppIcon;
				ASSETCATALOG_COMPILER_GLOBAL_ACCENT_COLOR_NAME = AccentColor;
				CODE_SIGN_STYLE = Automatic;
				INFOPLIST_FILE = CIDemo/Info.plist;
				LD_RUNPATH_SEARCH_PATHS = (
					"$(inherited)",
					"@executable_path/Frameworks",
				);
				PRODUCT_BUNDLE_IDENTIFIER = com.zh.CIDemo;
				PRODUCT_NAME = "$(TARGET_NAME)";
				SWIFT_VERSION = 5.0;
				TARGETED_DEVICE_FAMILY = "1,2";
			};
			name = Debug;
		};
		38F9E60B26315CFF008E56E8 /* Release */ = {
			isa = XCBuildConfiguration;
			buildSettings = {
				ASSETCATALOG_COMPILER_APPICON_NAME = AppIcon;
				ASSETCATALOG_COMPILER_GLOBAL_ACCENT_COLOR_NAME = AccentColor;
				CODE_SIGN_STYLE = Automatic;
				INFOPLIST_FILE = CIDemo/Info.plist;
				LD_RUNPATH_SEARCH_PATHS = (
					"$(inherited)",
					"@executable_path/Frameworks",
				);
				PRODUCT_BUNDLE_IDENTIFIER = com.zh.CIDemo;
				PRODUCT_NAME = "$(TARGET_NAME)";
				SWIFT_VERSION = 5.0;
				TARGETED_DEVICE_FAMILY = "1,2";
			};
			name = Release;
		};
		38F9E60D26315CFF008E56E8 /* Debug */ = {
			isa = XCBuildConfiguration;
			buildSettings = {
				ALWAYS_EMBED_SWIFT_STANDARD_LIBRARIES = YES;
				BUNDLE_LOADER = "$(TEST_HOST)";
				CODE_SIGN_STYLE = Automatic;
				INFOPLIST_FILE = CIDemoTests/Info.plist;
				IPHONEOS_DEPLOYMENT_TARGET = 14.4;
				LD_RUNPATH_SEARCH_PATHS = (
					"$(inherited)",
					"@executable_path/Frameworks",
					"@loader_path/Frameworks",
				);
				PRODUCT_BUNDLE_IDENTIFIER = com.zh.CIDemoTests;
				PRODUCT_NAME = "$(TARGET_NAME)";
				SWIFT_VERSION = 5.0;
				TARGETED_DEVICE_FAMILY = "1,2";
				TEST_HOST = "$(BUILT_PRODUCTS_DIR)/CIDemo.app/CIDemo";
			};
			name = Debug;
		};
		38F9E60E26315CFF008E56E8 /* Release */ = {
			isa = XCBuildConfiguration;
			buildSettings = {
				ALWAYS_EMBED_SWIFT_STANDARD_LIBRARIES = YES;
				BUNDLE_LOADER = "$(TEST_HOST)";
				CODE_SIGN_STYLE = Automatic;
				INFOPLIST_FILE = CIDemoTests/Info.plist;
				IPHONEOS_DEPLOYMENT_TARGET = 14.4;
				LD_RUNPATH_SEARCH_PATHS = (
					"$(inherited)",
					"@executable_path/Frameworks",
					"@loader_path/Frameworks",
				);
				PRODUCT_BUNDLE_IDENTIFIER = com.zh.CIDemoTests;
				PRODUCT_NAME = "$(TARGET_NAME)";
				SWIFT_VERSION = 5.0;
				TARGETED_DEVICE_FAMILY = "1,2";
				TEST_HOST = "$(BUILT_PRODUCTS_DIR)/CIDemo.app/CIDemo";
			};
			name = Release;
		};
		38F9E61026315CFF008E56E8 /* Debug */ = {
			isa = XCBuildConfiguration;
			buildSettings = {
				ALWAYS_EMBED_SWIFT_STANDARD_LIBRARIES = YES;
				CODE_SIGN_STYLE = Automatic;
				INFOPLIST_FILE = CIDemoUITests/Info.plist;
				LD_RUNPATH_SEARCH_PATHS = (
					"$(inherited)",
					"@executable_path/Frameworks",
					"@loader_path/Frameworks",
				);
				PRODUCT_BUNDLE_IDENTIFIER = com.zh.CIDemoUITests;
				PRODUCT_NAME = "$(TARGET_NAME)";
				SWIFT_VERSION = 5.0;
				TARGETED_DEVICE_FAMILY = "1,2";
				TEST_TARGET_NAME = CIDemo;
			};
			name = Debug;
		};
		38F9E61126315CFF008E56E8 /* Release */ = {
			isa = XCBuildConfiguration;
			buildSettings = {
				ALWAYS_EMBED_SWIFT_STANDARD_LIBRARIES = YES;
				CODE_SIGN_STYLE = Automatic;
				INFOPLIST_FILE = CIDemoUITests/Info.plist;
				LD_RUNPATH_SEARCH_PATHS = (
					"$(inherited)",
					"@executable_path/Frameworks",
					"@loader_path/Frameworks",
				);
				PRODUCT_BUNDLE_IDENTIFIER = com.zh.CIDemoUITests;
				PRODUCT_NAME = "$(TARGET_NAME)";
				SWIFT_VERSION = 5.0;
				TARGETED_DEVICE_FAMILY = "1,2";
				TEST_TARGET_NAME = CIDemo;
			};
			name = Release;
		};
/* End XCBuildConfiguration section */

/* Begin XCConfigurationList section */
		38F9E5DA26315CFE008E56E8 /* Build configuration list for PBXProject "CIDemo" */ = {
			isa = XCConfigurationList;
			buildConfigurations = (
				38F9E60726315CFF008E56E8 /* Debug */,
				38F9E60826315CFF008E56E8 /* Release */,
			);
			defaultConfigurationIsVisible = 0;
			defaultConfigurationName = Release;
		};
		38F9E60926315CFF008E56E8 /* Build configuration list for PBXNativeTarget "CIDemo" */ = {
			isa = XCConfigurationList;
			buildConfigurations = (
				38F9E60A26315CFF008E56E8 /* Debug */,
				38F9E60B26315CFF008E56E8 /* Release */,
			);
			defaultConfigurationIsVisible = 0;
			defaultConfigurationName = Release;
		};
		38F9E60C26315CFF008E56E8 /* Build configuration list for PBXNativeTarget "CIDemoTests" */ = {
			isa = XCConfigurationList;
			buildConfigurations = (
				38F9E60D26315CFF008E56E8 /* Debug */,
				38F9E60E26315CFF008E56E8 /* Release */,
			);
			defaultConfigurationIsVisible = 0;
			defaultConfigurationName = Release;
		};
		38F9E60F26315CFF008E56E8 /* Build configuration list for PBXNativeTarget "CIDemoUITests" */ = {
			isa = XCConfigurationList;
			buildConfigurations = (
				38F9E61026315CFF008E56E8 /* Debug */,
				38F9E61126315CFF008E56E8 /* Release */,
			);
			defaultConfigurationIsVisible = 0;
			defaultConfigurationName = Release;
		};
/* End XCConfigurationList section */
	};
	rootObject = 38F9E5D726315CFE008E56E8 /* Project object */;
}
